
Microsoft Visual Studio Solution File, Format Version 12.00
# Visual Studio Version 17
VisualStudioVersion = 17.0.31903.59
MinimumVisualStudioVersion = 10.0.40219.1
Project("{FAE04EC0-301F-11D3-BF4B-00C04F79EFBC}") = "TagFilesService.Model", "TagFilesService.Model\TagFilesService.Model.csproj", "{7D471E9C-DB6A-4E09-B56A-0BC7C4490B1E}"
EndProject
Project("{FAE04EC0-301F-11D3-BF4B-00C04F79EFBC}") = "TagFilesService.Infrastructure", "TagFilesService.Infrastructure\TagFilesService.Infrastructure.csproj", "{AECF9604-CA69-463B-AA66-FBF3F2E507E9}"
EndProject
Project("{FAE04EC0-301F-11D3-BF4B-00C04F79EFBC}") = "TagFilesService.Tests", "TagFilesService.Tests\TagFilesService.Tests.csproj", "{515C0DEF-9F44-4CCF-B6A3-BCA54D869BA0}"
EndProject
Project("{FAE04EC0-301F-11D3-BF4B-00C04F79EFBC}") = "TagFilesService.WebHost", "TagFilesService.WebHost\TagFilesService.WebHost.csproj", "{7948CB59-9737-4F18-A20C-DBEAE13C289B}"
EndProject
Project("{FAE04EC0-301F-11D3-BF4B-00C04F79EFBC}") = "TagFilesService.Library", "TagFilesService.Library\TagFilesService.Library.csproj", "{2F8EE5FF-BB82-4F1C-8843-D99C9BF3FDBB}"
EndProject
Project("{FAE04EC0-301F-11D3-BF4B-00C04F79EFBC}") = "TagFilesService.FilesProcessing", "TagFilesService.FilesProcessing\TagFilesService.FilesProcessing.csproj", "{F1C41263-4194-4FF7-BD36-5859982C9223}"
EndProject
Global
	GlobalSection(SolutionConfigurationPlatforms) = preSolution
		Debug|Any CPU = Debug|Any CPU
		Release|Any CPU = Release|Any CPU
	EndGlobalSection
	GlobalSection(SolutionProperties) = preSolution
		HideSolutionNode = FALSE
	EndGlobalSection
	GlobalSection(ProjectConfigurationPlatforms) = postSolution
		{7D471E9C-DB6A-4E09-B56A-0BC7C4490B1E}.Debug|Any CPU.ActiveCfg = Debug|Any CPU
		{7D471E9C-DB6A-4E09-B56A-0BC7C4490B1E}.Debug|Any CPU.Build.0 = Debug|Any CPU
		{7D471E9C-DB6A-4E09-B56A-0BC7C4490B1E}.Release|Any CPU.ActiveCfg = Release|Any CPU
		{7D471E9C-DB6A-4E09-B56A-0BC7C4490B1E}.Release|Any CPU.Build.0 = Release|Any CPU
		{AECF9604-CA69-463B-AA66-FBF3F2E507E9}.Debug|Any CPU.ActiveCfg = Debug|Any CPU
		{AECF9604-CA69-463B-AA66-FBF3F2E507E9}.Debug|Any CPU.Build.0 = Debug|Any CPU
		{AECF9604-CA69-463B-AA66-FBF3F2E507E9}.Release|Any CPU.ActiveCfg = Release|Any CPU
		{AECF9604-CA69-463B-AA66-FBF3F2E507E9}.Release|Any CPU.Build.0 = Release|Any CPU
		{515C0DEF-9F44-4CCF-B6A3-BCA54D869BA0}.Debug|Any CPU.ActiveCfg = Debug|Any CPU
		{515C0DEF-9F44-4CCF-B6A3-BCA54D869BA0}.Debug|Any CPU.Build.0 = Debug|Any CPU
		{515C0DEF-9F44-4CCF-B6A3-BCA54D869BA0}.Release|Any CPU.ActiveCfg = Release|Any CPU
		{515C0DEF-9F44-4CCF-B6A3-BCA54D869BA0}.Release|Any CPU.Build.0 = Release|Any CPU
		{7948CB59-9737-4F18-A20C-DBEAE13C289B}.Debug|Any CPU.ActiveCfg = Debug|Any CPU
		{7948CB59-9737-4F18-A20C-DBEAE13C289B}.Debug|Any CPU.Build.0 = Debug|Any CPU
		{7948CB59-9737-4F18-A20C-DBEAE13C289B}.Release|Any CPU.ActiveCfg = Release|Any CPU
		{7948CB59-9737-4F18-A20C-DBEAE13C289B}.Release|Any CPU.Build.0 = Release|Any CPU
		{2F8EE5FF-BB82-4F1C-8843-D99C9BF3FDBB}.Debug|Any CPU.ActiveCfg = Debug|Any CPU
		{2F8EE5FF-BB82-4F1C-8843-D99C9BF3FDBB}.Debug|Any CPU.Build.0 = Debug|Any CPU
		{2F8EE5FF-BB82-4F1C-8843-D99C9BF3FDBB}.Release|Any CPU.ActiveCfg = Release|Any CPU
		{2F8EE5FF-BB82-4F1C-8843-D99C9BF3FDBB}.Release|Any CPU.Build.0 = Release|Any CPU
		{F1C41263-4194-4FF7-BD36-5859982C9223}.Debug|Any CPU.ActiveCfg = Debug|Any CPU
		{F1C41263-4194-4FF7-BD36-5859982C9223}.Debug|Any CPU.Build.0 = Debug|Any CPU
		{F1C41263-4194-4FF7-BD36-5859982C9223}.Release|Any CPU.ActiveCfg = Release|Any CPU
		{F1C41263-4194-4FF7-BD36-5859982C9223}.Release|Any CPU.Build.0 = Release|Any CPU
	EndGlobalSection
EndGlobal
